
Microsoft Visual Studio Solution File, Format Version 12.00
# Visual Studio 2012
Project("{8BC9CEB8-8B4A-11D0-8D11-00A0C91BC942}") = "server", "server.vcxproj", "{2A27C1B4-76A3-49DA-ACC3-140884FB858D}"
EndProject
Project("{8BC9CEB8-8B4A-11D0-8D11-00A0C91BC942}") = "lua5.1", "lua5.1\lua5.1.vcxproj", "{FB3A499B-983C-4107-9CDB-7C7A29D01A92}"
EndProject
Project("{8BC9CEB8-8B4A-11D0-8D11-00A0C91BC942}") = "tolua++", "tolua++\tolua++.vcxproj", "{3C57BE20-FC0F-4A36-8B96-68F842AA0F8F}"
EndProject
Project("{2150E333-8FDC-42A3-9474-1A3956D46DE8}") = "lib", "lib", "{EF3A4802-A5DC-4BC8-BD6D-8EB6E1346924}"
EndProject
Project("{2150E333-8FDC-42A3-9474-1A3956D46DE8}") = "server", "server", "{1A2438D5-9793-429E-B49A-25C8717F394A}"
EndProject
Project("{8BC9CEB8-8B4A-11D0-8D11-00A0C91BC942}") = "ga", "ga\ga.vcxproj", "{E09FA51D-6F87-489F-932B-E7188ED3D3C7}"
EndProject
Project("{8BC9CEB8-8B4A-11D0-8D11-00A0C91BC942}") = "gl", "gl\gl.vcxproj", "{986AA22D-BD7F-47FA-9C82-810E3B402709}"
EndProject
Project("{8BC9CEB8-8B4A-11D0-8D11-00A0C91BC942}") = "login", "login\login.vcxproj", "{A0D3B1DE-C94B-48E3-A935-A1E34738EA9A}"
EndProject
Project("{8BC9CEB8-8B4A-11D0-8D11-00A0C91BC942}") = "game", "game\game.vcxproj", "{849A2E55-E5A5-4F53-8159-61080B4A7373}"
EndProject
Project("{8BC9CEB8-8B4A-11D0-8D11-00A0C91BC942}") = "servercommon", "servercommon\servercommon.vcxproj", "{169EAA10-DC6F-447C-B1CF-3C318F80CDFC}"
EndProject
Global
	GlobalSection(SolutionConfigurationPlatforms) = preSolution
		Debug|Win32 = Debug|Win32
		Release|Win32 = Release|Win32
	EndGlobalSection
	GlobalSection(ProjectConfigurationPlatforms) = postSolution
		{2A27C1B4-76A3-49DA-ACC3-140884FB858D}.Debug|Win32.ActiveCfg = Debug|Win32
		{2A27C1B4-76A3-49DA-ACC3-140884FB858D}.Debug|Win32.Build.0 = Debug|Win32
		{2A27C1B4-76A3-49DA-ACC3-140884FB858D}.Release|Win32.ActiveCfg = Release|Win32
		{2A27C1B4-76A3-49DA-ACC3-140884FB858D}.Release|Win32.Build.0 = Release|Win32
		{FB3A499B-983C-4107-9CDB-7C7A29D01A92}.Debug|Win32.ActiveCfg = Debug|Win32
		{FB3A499B-983C-4107-9CDB-7C7A29D01A92}.Debug|Win32.Build.0 = Debug|Win32
		{FB3A499B-983C-4107-9CDB-7C7A29D01A92}.Release|Win32.ActiveCfg = Release|Win32
		{FB3A499B-983C-4107-9CDB-7C7A29D01A92}.Release|Win32.Build.0 = Release|Win32
		{3C57BE20-FC0F-4A36-8B96-68F842AA0F8F}.Debug|Win32.ActiveCfg = Debug|Win32
		{3C57BE20-FC0F-4A36-8B96-68F842AA0F8F}.Debug|Win32.Build.0 = Debug|Win32
		{3C57BE20-FC0F-4A36-8B96-68F842AA0F8F}.Release|Win32.ActiveCfg = Release|Win32
		{3C57BE20-FC0F-4A36-8B96-68F842AA0F8F}.Release|Win32.Build.0 = Release|Win32
		{E09FA51D-6F87-489F-932B-E7188ED3D3C7}.Debug|Win32.ActiveCfg = Debug|Win32
		{E09FA51D-6F87-489F-932B-E7188ED3D3C7}.Debug|Win32.Build.0 = Debug|Win32
		{E09FA51D-6F87-489F-932B-E7188ED3D3C7}.Release|Win32.ActiveCfg = Release|Win32
		{E09FA51D-6F87-489F-932B-E7188ED3D3C7}.Release|Win32.Build.0 = Release|Win32
		{986AA22D-BD7F-47FA-9C82-810E3B402709}.Debug|Win32.ActiveCfg = Debug|Win32
		{986AA22D-BD7F-47FA-9C82-810E3B402709}.Debug|Win32.Build.0 = Debug|Win32
		{986AA22D-BD7F-47FA-9C82-810E3B402709}.Release|Win32.ActiveCfg = Release|Win32
		{986AA22D-BD7F-47FA-9C82-810E3B402709}.Release|Win32.Build.0 = Release|Win32
		{A0D3B1DE-C94B-48E3-A935-A1E34738EA9A}.Debug|Win32.ActiveCfg = Debug|Win32
		{A0D3B1DE-C94B-48E3-A935-A1E34738EA9A}.Debug|Win32.Build.0 = Debug|Win32
		{A0D3B1DE-C94B-48E3-A935-A1E34738EA9A}.Release|Win32.ActiveCfg = Release|Win32
		{A0D3B1DE-C94B-48E3-A935-A1E34738EA9A}.Release|Win32.Build.0 = Release|Win32
		{849A2E55-E5A5-4F53-8159-61080B4A7373}.Debug|Win32.ActiveCfg = Debug|Win32
		{849A2E55-E5A5-4F53-8159-61080B4A7373}.Debug|Win32.Build.0 = Debug|Win32
		{849A2E55-E5A5-4F53-8159-61080B4A7373}.Release|Win32.ActiveCfg = Release|Win32
		{849A2E55-E5A5-4F53-8159-61080B4A7373}.Release|Win32.Build.0 = Release|Win32
		{169EAA10-DC6F-447C-B1CF-3C318F80CDFC}.Debug|Win32.ActiveCfg = Debug|Win32
		{169EAA10-DC6F-447C-B1CF-3C318F80CDFC}.Debug|Win32.Build.0 = Debug|Win32
		{169EAA10-DC6F-447C-B1CF-3C318F80CDFC}.Release|Win32.ActiveCfg = Release|Win32
		{169EAA10-DC6F-447C-B1CF-3C318F80CDFC}.Release|Win32.Build.0 = Release|Win32
	EndGlobalSection
	GlobalSection(SolutionProperties) = preSolution
		HideSolutionNode = FALSE
	EndGlobalSection
	GlobalSection(NestedProjects) = preSolution
		{3C57BE20-FC0F-4A36-8B96-68F842AA0F8F} = {EF3A4802-A5DC-4BC8-BD6D-8EB6E1346924}
		{FB3A499B-983C-4107-9CDB-7C7A29D01A92} = {EF3A4802-A5DC-4BC8-BD6D-8EB6E1346924}
		{169EAA10-DC6F-447C-B1CF-3C318F80CDFC} = {EF3A4802-A5DC-4BC8-BD6D-8EB6E1346924}
		{2A27C1B4-76A3-49DA-ACC3-140884FB858D} = {1A2438D5-9793-429E-B49A-25C8717F394A}
		{E09FA51D-6F87-489F-932B-E7188ED3D3C7} = {1A2438D5-9793-429E-B49A-25C8717F394A}
		{986AA22D-BD7F-47FA-9C82-810E3B402709} = {1A2438D5-9793-429E-B49A-25C8717F394A}
		{A0D3B1DE-C94B-48E3-A935-A1E34738EA9A} = {1A2438D5-9793-429E-B49A-25C8717F394A}
		{849A2E55-E5A5-4F53-8159-61080B4A7373} = {1A2438D5-9793-429E-B49A-25C8717F394A}
	EndGlobalSection
EndGlobal
